// !$*UTF8*$!
{
	archiveVersion = 1;
	classes = {
	};
	objectVersion = 46;
	objects = {

/* Begin PBXBuildFile section */
		461D80311EC6625800C52403 /* PlaySoundsViewController.swift in Sources */ = {isa = PBXBuildFile; fileRef = 461D80301EC6625800C52403 /* PlaySoundsViewController.swift */; };
		464ACA7F1EC799DC003DC1E5 /* PlaySoundsViewController+Audio.swift in Sources */ = {isa = PBXBuildFile; fileRef = 464ACA7E1EC799DC003DC1E5 /* PlaySoundsViewController+Audio.swift */; };
		4653B02D1EBA73BD0026D5BD /* AppDelegate.swift in Sources */ = {isa = PBXBuildFile; fileRef = 4653B02C1EBA73BD0026D5BD /* AppDelegate.swift */; };
		4653B02F1EBA73BD0026D5BD /* RecordsSoundsViewController.swift in Sources */ = {isa = PBXBuildFile; fileRef = 4653B02E1EBA73BD0026D5BD /* RecordsSoundsViewController.swift */; };
		4653B0321EBA73BD0026D5BD /* Main.storyboard in Resources */ = {isa = PBXBuildFile; fileRef = 4653B0301EBA73BD0026D5BD /* Main.storyboard */; };
		4653B0341EBA73BD0026D5BD /* Assets.xcassets in Resources */ = {isa = PBXBuildFile; fileRef = 4653B0331EBA73BD0026D5BD /* Assets.xcassets */; };
		4653B0371EBA73BD0026D5BD /* LaunchScreen.storyboard in Resources */ = {isa = PBXBuildFile; fileRef = 4653B0351EBA73BD0026D5BD /* LaunchScreen.storyboard */; };
/* End PBXBuildFile section */

/* Begin PBXFileReference section */
		461D80301EC6625800C52403 /* PlaySoundsViewController.swift */ = {isa = PBXFileReference; fileEncoding = 4; lastKnownFileType = sourcecode.swift; path = PlaySoundsViewController.swift; sourceTree = "<group>"; };
		464ACA7E1EC799DC003DC1E5 /* PlaySoundsViewController+Audio.swift */ = {isa = PBXFileReference; fileEncoding = 4; lastKnownFileType = sourcecode.swift; path = "PlaySoundsViewController+Audio.swift"; sourceTree = "<group>"; };
		4653B0291EBA73BD0026D5BD /* PitchPerfect.app */ = {isa = PBXFileReference; explicitFileType = wrapper.application; includeInIndex = 0; path = PitchPerfect.app; sourceTree = BUILT_PRODUCTS_DIR; };
		4653B02C1EBA73BD0026D5BD /* AppDelegate.swift */ = {isa = PBXFileReference; lastKnownFileType = sourcecode.swift; path = AppDelegate.swift; sourceTree = "<group>"; };
		4653B02E1EBA73BD0026D5BD /* RecordsSoundsViewController.swift */ = {isa = PBXFileReference; lastKnownFileType = sourcecode.swift; path = RecordsSoundsViewController.swift; sourceTree = "<group>"; };
		4653B0311EBA73BD0026D5BD /* Base */ = {isa = PBXFileReference; lastKnownFileType = file.storyboard; name = Base; path = Base.lproj/Main.storyboard; sourceTree = "<group>"; };
		4653B0331EBA73BD0026D5BD /* Assets.xcassets */ = {isa = PBXFileReference; lastKnownFileType = folder.assetcatalog; path = Assets.xcassets; sourceTree = "<group>"; };
		4653B0361EBA73BD0026D5BD /* Base */ = {isa = PBXFileReference; lastKnownFileType = file.storyboard; name = Base; path = Base.lproj/LaunchScreen.storyboard; sourceTree = "<group>"; };
		4653B0381EBA73BD0026D5BD /* Info.plist */ = {isa = PBXFileReference; lastKnownFileType = text.plist.xml; path = Info.plist; sourceTree = "<group>"; };
/* End PBXFileReference section */

/* Begin PBXFrameworksBuildPhase section */
		4653B0261EBA73BD0026D5BD /* Frameworks */ = {
			isa = PBXFrameworksBuildPhase;
			buildActionMask = 2147483647;
			files = (
			);
			runOnlyForDeploymentPostprocessing = 0;
		};
/* End PBXFrameworksBuildPhase section */

/* Begin PBXGroup section */
		4653B0201EBA73BD0026D5BD = {
			isa = PBXGroup;
			children = (
				4653B02B1EBA73BD0026D5BD /* PitchPerfect */,
				4653B02A1EBA73BD0026D5BD /* Products */,
			);
			sourceTree = "<group>";
		};
		4653B02A1EBA73BD0026D5BD /* Products */ = {
			isa = PBXGroup;
			children = (
				4653B0291EBA73BD0026D5BD /* PitchPerfect.app */,
			);
			name = Products;
			sourceTree = "<group>";
		};
		4653B02B1EBA73BD0026D5BD /* PitchPerfect */ = {
			isa = PBXGroup;
			children = (
				4653B02C1EBA73BD0026D5BD /* AppDelegate.swift */,
				4653B02E1EBA73BD0026D5BD /* RecordsSoundsViewController.swift */,
				4653B0301EBA73BD0026D5BD /* Main.storyboard */,
				4653B0331EBA73BD0026D5BD /* Assets.xcassets */,
				4653B0351EBA73BD0026D5BD /* LaunchScreen.storyboard */,
				4653B0381EBA73BD0026D5BD /* Info.plist */,
				461D80301EC6625800C52403 /* PlaySoundsViewController.swift */,
				464ACA7E1EC799DC003DC1E5 /* PlaySoundsViewController+Audio.swift */,
			);
			path = PitchPerfect;
			sourceTree = "<group>";
		};
/* End PBXGroup section */

/* Begin PBXNativeTarget section */
		4653B0281EBA73BD0026D5BD /* PitchPerfect */ = {
			isa = PBXNativeTarget;
			buildConfigurationList = 4653B03B1EBA73BD0026D5BD /* Build configuration list for PBXNativeTarget "PitchPerfect" */;
			buildPhases = (
				4653B0251EBA73BD0026D5BD /* Sources */,
				4653B0261EBA73BD0026D5BD /* Frameworks */,
				4653B0271EBA73BD0026D5BD /* Resources */,
			);
			buildRules = (
			);
			dependencies = (
			);
			name = PitchPerfect;
			productName = PitchPerfect;
			productReference = 4653B0291EBA73BD0026D5BD /* PitchPerfect.app */;
			productType = "com.apple.product-type.application";
		};
/* End PBXNativeTarget section */

/* Begin PBXProject section */
		4653B0211EBA73BD0026D5BD /* Project object */ = {
			isa = PBXProject;
			attributes = {
				LastSwiftUpdateCheck = 0830;
				LastUpgradeCheck = 0830;
				ORGANIZATIONNAME = jeremyborger;
				TargetAttributes = {
					4653B0281EBA73BD0026D5BD = {
						CreatedOnToolsVersion = 8.3.2;
						ProvisioningStyle = Automatic;
					};
				};
			};
			buildConfigurationList = 4653B0241EBA73BD0026D5BD /* Build configuration list for PBXProject "PitchPerfect" */;
			compatibilityVersion = "Xcode 3.2";
			developmentRegion = English;
			hasScannedForEncodings = 0;
			knownRegions = (
				en,
				Base,
			);
			mainGroup = 4653B0201EBA73BD0026D5BD;
			productRefGroup = 4653B02A1EBA73BD0026D5BD /* Products */;
			projectDirPath = "";
			projectRoot = "";
			targets = (
				4653B0281EBA73BD0026D5BD /* PitchPerfect */,
			);
		};
/* End PBXProject section */

/* Begin PBXResourcesBuildPhase section */
		4653B0271EBA73BD0026D5BD /* Resources */ = {
			isa = PBXResourcesBuildPhase;
			buildActionMask = 2147483647;
			files = (
				4653B0371EBA73BD0026D5BD /* LaunchScreen.storyboard in Resources */,
				4653B0341EBA73BD0026D5BD /* Assets.xcassets in Resources */,
				4653B0321EBA73BD0026D5BD /* Main.storyboard in Resources */,
			);
			runOnlyForDeploymentPostprocessing = 0;
		};
/* End PBXResourcesBuildPhase section */

/* Begin PBXSourcesBuildPhase section */
		4653B0251EBA73BD0026D5BD /* Sources */ = {
			isa = PBXSourcesBuildPhase;
			buildActionMask = 2147483647;
			files = (
				4653B02F1EBA73BD0026D5BD /* RecordsSoundsViewController.swift in Sources */,
				464ACA7F1EC799DC003DC1E5 /* PlaySoundsViewController+Audio.swift in Sources */,
				461D80311EC6625800C52403 /* PlaySoundsViewController.swift in Sources */,
				4653B02D1EBA73BD0026D5BD /* AppDelegate.swift in Sources */,
			);
			runOnlyForDeploymentPostprocessing = 0;
		};
/* End PBXSourcesBuildPhase section */

/* Begin PBXVariantGroup section */
		4653B0301EBA73BD0026D5BD /* Main.storyboard */ = {
			isa = PBXVariantGroup;
			children = (
				4653B0311EBA73BD0026D5BD /* Base */,
			);
			name = Main.storyboard;
			sourceTree = "<group>";
		};
		4653B0351EBA73BD0026D5BD /* LaunchScreen.storyboard */ = {
			isa = PBXVariantGroup;
			children = (
				4653B0361EBA73BD0026D5BD /* Base */,
			);
			name = LaunchScreen.storyboard;
			sourceTree = "<group>";
		};
/* End PBXVariantGroup section */

/* Begin XCBuildConfiguration section */
		4653B0391EBA73BD0026D5BD /* Debug */ = {
			isa = XCBuildConfiguration;
			buildSettings = {
				ALWAYS_SEARCH_USER_PATHS = NO;
				CLANG_ANALYZER_NONNULL = YES;
				CLANG_ANALYZER_NUMBER_OBJECT_CONVERSION = YES_AGGRESSIVE;
				CLANG_CXX_LANGUAGE_STANDARD = "gnu++0x";
				CLANG_CXX_LIBRARY = "libc++";
				CLANG_ENABLE_MODULES = YES;
				CLANG_ENABLE_OBJC_ARC = YES;
				CLANG_WARN_BOOL_CONVERSION = YES;
				CLANG_WARN_CONSTANT_CONVERSION = YES;
				CLANG_WARN_DIRECT_OBJC_ISA_USAGE = YES_ERROR;
				CLANG_WARN_DOCUMENTATION_COMMENTS = YES;
				CLANG_WARN_EMPTY_BODY = YES;
				CLANG_WARN_ENUM_CONVERSION = YES;
				CLANG_WARN_INFINITE_RECURSION = YES;
				CLANG_WARN_INT_CONVERSION = YES;
				CLANG_WARN_OBJC_ROOT_CLASS = YES_ERROR;
				CLANG_WARN_SUSPICIOUS_MOVE = YES;
				CLANG_WARN_UNREACHABLE_CODE = YES;
				CLANG_WARN__DUPLICATE_METHOD_MATCH = YES;
				"CODE_SIGN_IDENTITY[sdk=iphoneos*]" = "iPhone Developer";
				COPY_PHASE_STRIP = NO;
				DEBUG_INFORMATION_FORMAT = dwarf;
				ENABLE_STRICT_OBJC_MSGSEND = YES;
				ENABLE_TESTABILITY = YES;
				GCC_C_LANGUAGE_STANDARD = gnu99;
				GCC_DYNAMIC_NO_PIC = NO;
				GCC_NO_COMMON_BLOCKS = YES;
				GCC_OPTIMIZATION_LEVEL = 0;
				GCC_PREPROCESSOR_DEFINITIONS = (
					"DEBUG=1",
					"$(inherited)",
				);
				GCC_WARN_64_TO_32_BIT_CONVERSION = YES;
				GCC_WARN_ABOUT_RETURN_TYPE = YES_ERROR;
				GCC_WARN_UNDECLARED_SELECTOR = YES;
				GCC_WARN_UNINITIALIZED_AUTOS = YES_AGGRESSIVE;
				GCC_WARN_UNUSED_FUNCTION = YES;
				GCC_WARN_UNUSED_VARIABLE = YES;
				IPHONEOS_DEPLOYMENT_TARGET = 10.3;
				MTL_ENABLE_DEBUG_INFO = YES;
				ONLY_ACTIVE_ARCH = YES;
				SDKROOT = iphoneos;
				SWIFT_ACTIVE_COMPILATION_CONDITIONS = DEBUG;
				SWIFT_OPTIMIZATION_LEVEL = "-Onone";
				TARGETED_DEVICE_FAMILY = "1,2";
			};
			name = Debug;
		};
		4653B03A1EBA73BD0026D5BD /* Release */ = {
			isa = XCBuildConfiguration;
			buildSettings = {
				ALWAYS_SEARCH_USER_PATHS = NO;
				CLANG_ANALYZER_NONNULL = YES;
				CLANG_ANALYZER_NUMBER_OBJECT_CONVERSION = YES_AGGRESSIVE;
				CLANG_CXX_LANGUAGE_STANDARD = "gnu++0x";
				CLANG_CXX_LIBRARY = "libc++";
				CLANG_ENABLE_MODULES = YES;
				CLANG_ENABLE_OBJC_ARC = YES;
				CLANG_WARN_BOOL_CONVERSION = YES;
				CLANG_WARN_CONSTANT_CONVERSION = YES;
				CLANG_WARN_DIRECT_OBJC_ISA_USAGE = YES_ERROR;
				CLANG_WARN_DOCUMENTATION_COMMENTS = YES;
				CLANG_WARN_EMPTY_BODY = YES;
				CLANG_WARN_ENUM_CONVERSION = YES;
				CLANG_WARN_INFINITE_RECURSION = YES;
				CLANG_WARN_INT_CONVERSION = YES;
				CLANG_WARN_OBJC_ROOT_CLASS = YES_ERROR;
				CLANG_WARN_SUSPICIOUS_MOVE = YES;
				CLANG_WARN_UNREACHABLE_CODE = YES;
				CLANG_WARN__DUPLICATE_METHOD_MATCH = YES;
				"CODE_SIGN_IDENTITY[sdk=iphoneos*]" = "iPhone Developer";
				COPY_PHASE_STRIP = NO;
				DEBUG_INFORMATION_FORMAT = "dwarf-with-dsym";
				ENABLE_NS_ASSERTIONS = NO;
				ENABLE_STRICT_OBJC_MSGSEND = YES;
				GCC_C_LANGUAGE_STANDARD = gnu99;
				GCC_NO_COMMON_BLOCKS = YES;
				GCC_WARN_64_TO_32_BIT_CONVERSION = YES;
				GCC_WARN_ABOUT_RETURN_TYPE = YES_ERROR;
				GCC_WARN_UNDECLARED_SELECTOR = YES;
				GCC_WARN_UNINITIALIZED_AUTOS = YES_AGGRESSIVE;
				GCC_WARN_UNUSED_FUNCTION = YES;
				GCC_WARN_UNUSED_VARIABLE = YES;
				IPHONEOS_DEPLOYMENT_TARGET = 10.3;
				MTL_ENABLE_DEBUG_INFO = NO;
				SDKROOT = iphoneos;
				SWIFT_OPTIMIZATION_LEVEL = "-Owholemodule";
				TARGETED_DEVICE_FAMILY = "1,2";
				VALIDATE_PRODUCT = YES;
			};
			name = Release;
		};
		4653B03C1EBA73BD0026D5BD /* Debug */ = {
			isa = XCBuildConfiguration;
			buildSettings = {
				ASSETCATALOG_COMPILER_APPICON_NAME = AppIcon;
				INFOPLIST_FILE = PitchPerfect/Info.plist;
				LD_RUNPATH_SEARCH_PATHS = "$(inherited) @executable_path/Frameworks";
				PRODUCT_BUNDLE_IDENTIFIER = com.jeremyborger.pitchperfect;
				PRODUCT_NAME = "$(TARGET_NAME)";
				SWIFT_VERSION = 3.0;
			};
			name = Debug;
		};
		4653B03D1EBA73BD0026D5BD /* Release */ = {
			isa = XCBuildConfiguration;
			buildSettings = {
				ASSETCATALOG_COMPILER_APPICON_NAME = AppIcon;
				INFOPLIST_FILE = PitchPerfect/Info.plist;
				LD_RUNPATH_SEARCH_PATHS = "$(inherited) @executable_path/Frameworks";
				PRODUCT_BUNDLE_IDENTIFIER = com.jeremyborger.pitchperfect;
				PRODUCT_NAME = "$(TARGET_NAME)";
				SWIFT_VERSION = 3.0;
			};
			name = Release;
		};
/* End XCBuildConfiguration section */

/* Begin XCConfigurationList section */
		4653B0241EBA73BD0026D5BD /* Build configuration list for PBXProject "PitchPerfect" */ = {
			isa = XCConfigurationList;
			buildConfigurations = (
				4653B0391EBA73BD0026D5BD /* Debug */,
				4653B03A1EBA73BD0026D5BD /* Release */,
			);
			defaultConfigurationIsVisible = 0;
			defaultConfigurationName = Release;
		};
		4653B03B1EBA73BD0026D5BD /* Build configuration list for PBXNativeTarget "PitchPerfect" */ = {
			isa = XCConfigurationList;
			buildConfigurations = (
				4653B03C1EBA73BD0026D5BD /* Debug */,
				4653B03D1EBA73BD0026D5BD /* Release */,
			);
			defaultConfigurationIsVisible = 0;
			defaultConfigurationName = Release;
		};
/* End XCConfigurationList section */
	};
	rootObject = 4653B0211EBA73BD0026D5BD /* Project object */;
}
